// !$*UTF8*$!
{
	archiveVersion = 1;
	classes = {
	};
	objectVersion = 51;
	objects = {

/* Begin PBXBuildFile section */
		2B5D985ADB08FA75B3803604 /* Pods_ColorGame.framework in Frameworks */ = {isa = PBXBuildFile; fileRef = 8D124C034AB192E0EF61109E /* Pods_ColorGame.framework */; };
		9F87E83923452C660090F2AC /* AppDelegate.swift in Sources */ = {isa = PBXBuildFile; fileRef = 9F87E83823452C660090F2AC /* AppDelegate.swift */; };
		9F87E83B23452C660090F2AC /* SceneDelegate.swift in Sources */ = {isa = PBXBuildFile; fileRef = 9F87E83A23452C660090F2AC /* SceneDelegate.swift */; };
		9F87E83D23452C660090F2AC /* gameViewController.swift in Sources */ = {isa = PBXBuildFile; fileRef = 9F87E83C23452C660090F2AC /* gameViewController.swift */; };
		9F87E84023452C660090F2AC /* Main.storyboard in Resources */ = {isa = PBXBuildFile; fileRef = 9F87E83E23452C660090F2AC /* Main.storyboard */; };
		9F87E84223452C670090F2AC /* Assets.xcassets in Resources */ = {isa = PBXBuildFile; fileRef = 9F87E84123452C670090F2AC /* Assets.xcassets */; };
		9F87E84523452C670090F2AC /* LaunchScreen.storyboard in Resources */ = {isa = PBXBuildFile; fileRef = 9F87E84323452C670090F2AC /* LaunchScreen.storyboard */; };
		9FC867D22349B49A0059D01E /* GoogleService-Info.plist in Resources */ = {isa = PBXBuildFile; fileRef = 9FC867D12349B49A0059D01E /* GoogleService-Info.plist */; };
		9FC867D4234A69FB0059D01E /* MenuViewController.swift in Sources */ = {isa = PBXBuildFile; fileRef = 9FC867D3234A69FB0059D01E /* MenuViewController.swift */; };
		9FC867D7234AA05E0059D01E /* HighscoresViewController.swift in Sources */ = {isa = PBXBuildFile; fileRef = 9FC867D6234AA05E0059D01E /* HighscoresViewController.swift */; };
		9FC867D9234AAA7E0059D01E /* scoreCell.swift in Sources */ = {isa = PBXBuildFile; fileRef = 9FC867D8234AAA7E0059D01E /* scoreCell.swift */; };
/* End PBXBuildFile section */

/* Begin PBXFileReference section */
		2EF3F0497488515AB778B47F /* Pods-ColorGame.release.xcconfig */ = {isa = PBXFileReference; includeInIndex = 1; lastKnownFileType = text.xcconfig; name = "Pods-ColorGame.release.xcconfig"; path = "Target Support Files/Pods-ColorGame/Pods-ColorGame.release.xcconfig"; sourceTree = "<group>"; };
		8D124C034AB192E0EF61109E /* Pods_ColorGame.framework */ = {isa = PBXFileReference; explicitFileType = wrapper.framework; includeInIndex = 0; path = Pods_ColorGame.framework; sourceTree = BUILT_PRODUCTS_DIR; };
		9D428656DC2FC7A9194D6F8A /* Pods-ColorGame.debug.xcconfig */ = {isa = PBXFileReference; includeInIndex = 1; lastKnownFileType = text.xcconfig; name = "Pods-ColorGame.debug.xcconfig"; path = "Target Support Files/Pods-ColorGame/Pods-ColorGame.debug.xcconfig"; sourceTree = "<group>"; };
		9F87E83523452C660090F2AC /* ColorGame.app */ = {isa = PBXFileReference; explicitFileType = wrapper.application; includeInIndex = 0; path = ColorGame.app; sourceTree = BUILT_PRODUCTS_DIR; };
		9F87E83823452C660090F2AC /* AppDelegate.swift */ = {isa = PBXFileReference; lastKnownFileType = sourcecode.swift; path = AppDelegate.swift; sourceTree = "<group>"; };
		9F87E83A23452C660090F2AC /* SceneDelegate.swift */ = {isa = PBXFileReference; lastKnownFileType = sourcecode.swift; path = SceneDelegate.swift; sourceTree = "<group>"; };
		9F87E83C23452C660090F2AC /* gameViewController.swift */ = {isa = PBXFileReference; lastKnownFileType = sourcecode.swift; path = gameViewController.swift; sourceTree = "<group>"; };
		9F87E83F23452C660090F2AC /* Base */ = {isa = PBXFileReference; lastKnownFileType = file.storyboard; name = Base; path = Base.lproj/Main.storyboard; sourceTree = "<group>"; };
		9F87E84123452C670090F2AC /* Assets.xcassets */ = {isa = PBXFileReference; lastKnownFileType = folder.assetcatalog; path = Assets.xcassets; sourceTree = "<group>"; };
		9F87E84423452C670090F2AC /* Base */ = {isa = PBXFileReference; lastKnownFileType = file.storyboard; name = Base; path = Base.lproj/LaunchScreen.storyboard; sourceTree = "<group>"; };
		9F87E84623452C670090F2AC /* Info.plist */ = {isa = PBXFileReference; lastKnownFileType = text.plist.xml; path = Info.plist; sourceTree = "<group>"; };
		9FC867D12349B49A0059D01E /* GoogleService-Info.plist */ = {isa = PBXFileReference; fileEncoding = 4; lastKnownFileType = text.plist.xml; path = "GoogleService-Info.plist"; sourceTree = "<group>"; };
		9FC867D3234A69FB0059D01E /* MenuViewController.swift */ = {isa = PBXFileReference; lastKnownFileType = sourcecode.swift; path = MenuViewController.swift; sourceTree = "<group>"; };
		9FC867D6234AA05E0059D01E /* HighscoresViewController.swift */ = {isa = PBXFileReference; lastKnownFileType = sourcecode.swift; path = HighscoresViewController.swift; sourceTree = "<group>"; };
		9FC867D8234AAA7E0059D01E /* scoreCell.swift */ = {isa = PBXFileReference; lastKnownFileType = sourcecode.swift; path = scoreCell.swift; sourceTree = "<group>"; };
/* End PBXFileReference section */

/* Begin PBXFrameworksBuildPhase section */
		9F87E83223452C660090F2AC /* Frameworks */ = {
			isa = PBXFrameworksBuildPhase;
			buildActionMask = 2147483647;
			files = (
				2B5D985ADB08FA75B3803604 /* Pods_ColorGame.framework in Frameworks */,
			);
			runOnlyForDeploymentPostprocessing = 0;
		};
/* End PBXFrameworksBuildPhase section */

/* Begin PBXGroup section */
		4F6E3129FBAA53C7A329F27D /* Frameworks */ = {
			isa = PBXGroup;
			children = (
				8D124C034AB192E0EF61109E /* Pods_ColorGame.framework */,
			);
			name = Frameworks;
			sourceTree = "<group>";
		};
		6211E64DF5409B0F92DBE0B8 /* Pods */ = {
			isa = PBXGroup;
			children = (
				9D428656DC2FC7A9194D6F8A /* Pods-ColorGame.debug.xcconfig */,
				2EF3F0497488515AB778B47F /* Pods-ColorGame.release.xcconfig */,
			);
			path = Pods;
			sourceTree = "<group>";
		};
		9F87E82C23452C660090F2AC = {
			isa = PBXGroup;
			children = (
				9FC867D12349B49A0059D01E /* GoogleService-Info.plist */,
				9F87E84C23456CCC0090F2AC /* Helpers */,
				9F87E83723452C660090F2AC /* ColorGame */,
				9F87E83623452C660090F2AC /* Products */,
				6211E64DF5409B0F92DBE0B8 /* Pods */,
				4F6E3129FBAA53C7A329F27D /* Frameworks */,
			);
			sourceTree = "<group>";
		};
		9F87E83623452C660090F2AC /* Products */ = {
			isa = PBXGroup;
			children = (
				9F87E83523452C660090F2AC /* ColorGame.app */,
			);
			name = Products;
			sourceTree = "<group>";
		};
		9F87E83723452C660090F2AC /* ColorGame */ = {
			isa = PBXGroup;
			children = (
				9FC867D5234AA0440059D01E /* View Controllers */,
				9F87E83823452C660090F2AC /* AppDelegate.swift */,
				9F87E83A23452C660090F2AC /* SceneDelegate.swift */,
				9F87E83E23452C660090F2AC /* Main.storyboard */,
				9F87E84123452C670090F2AC /* Assets.xcassets */,
				9F87E84323452C670090F2AC /* LaunchScreen.storyboard */,
				9F87E84623452C670090F2AC /* Info.plist */,
			);
			path = ColorGame;
			sourceTree = "<group>";
		};
		9F87E84C23456CCC0090F2AC /* Helpers */ = {
			isa = PBXGroup;
			children = (
				9FC867D8234AAA7E0059D01E /* scoreCell.swift */,
			);
			path = Helpers;
			sourceTree = "<group>";
		};
		9FC867D5234AA0440059D01E /* View Controllers */ = {
			isa = PBXGroup;
			children = (
				9F87E83C23452C660090F2AC /* gameViewController.swift */,
				9FC867D3234A69FB0059D01E /* MenuViewController.swift */,
				9FC867D6234AA05E0059D01E /* HighscoresViewController.swift */,
			);
			path = "View Controllers";
			sourceTree = "<group>";
		};
/* End PBXGroup section */

/* Begin PBXNativeTarget section */
		9F87E83423452C660090F2AC /* ColorGame */ = {
			isa = PBXNativeTarget;
			buildConfigurationList = 9F87E84923452C670090F2AC /* Build configuration list for PBXNativeTarget "ColorGame" */;
			buildPhases = (
				68D5362454C4CDF46F5F03D5 /* [CP] Check Pods Manifest.lock */,
				9F87E83123452C660090F2AC /* Sources */,
				9F87E83223452C660090F2AC /* Frameworks */,
				9F87E83323452C660090F2AC /* Resources */,
				81648AE6C6D1232307C750DA /* [CP] Embed Pods Frameworks */,
			);
			buildRules = (
			);
			dependencies = (
			);
			name = ColorGame;
			productName = ColorGame;
			productReference = 9F87E83523452C660090F2AC /* ColorGame.app */;
			productType = "com.apple.product-type.application";
		};
/* End PBXNativeTarget section */

/* Begin PBXProject section */
		9F87E82D23452C660090F2AC /* Project object */ = {
			isa = PBXProject;
			attributes = {
				LastSwiftUpdateCheck = 1100;
				LastUpgradeCheck = 1100;
				ORGANIZATIONNAME = "Charles Oxendine";
				TargetAttributes = {
					9F87E83423452C660090F2AC = {
						CreatedOnToolsVersion = 11.0;
					};
				};
			};
			buildConfigurationList = 9F87E83023452C660090F2AC /* Build configuration list for PBXProject "ColorGame" */;
			compatibilityVersion = "Xcode 9.3";
			developmentRegion = en;
			hasScannedForEncodings = 0;
			knownRegions = (
				en,
				Base,
			);
			mainGroup = 9F87E82C23452C660090F2AC;
			productRefGroup = 9F87E83623452C660090F2AC /* Products */;
			projectDirPath = "";
			projectRoot = "";
			targets = (
				9F87E83423452C660090F2AC /* ColorGame */,
			);
		};
/* End PBXProject section */

/* Begin PBXResourcesBuildPhase section */
		9F87E83323452C660090F2AC /* Resources */ = {
			isa = PBXResourcesBuildPhase;
			buildActionMask = 2147483647;
			files = (
				9FC867D22349B49A0059D01E /* GoogleService-Info.plist in Resources */,
				9F87E84523452C670090F2AC /* LaunchScreen.storyboard in Resources */,
				9F87E84223452C670090F2AC /* Assets.xcassets in Resources */,
				9F87E84023452C660090F2AC /* Main.storyboard in Resources */,
			);
			runOnlyForDeploymentPostprocessing = 0;
		};
/* End PBXResourcesBuildPhase section */

/* Begin PBXShellScriptBuildPhase section */
		68D5362454C4CDF46F5F03D5 /* [CP] Check Pods Manifest.lock */ = {
			isa = PBXShellScriptBuildPhase;
			buildActionMask = 2147483647;
			files = (
			);
			inputFileListPaths = (
			);
			inputPaths = (
				"${PODS_PODFILE_DIR_PATH}/Podfile.lock",
				"${PODS_ROOT}/Manifest.lock",
			);
			name = "[CP] Check Pods Manifest.lock";
			outputFileListPaths = (
			);
			outputPaths = (
				"$(DERIVED_FILE_DIR)/Pods-ColorGame-checkManifestLockResult.txt",
			);
			runOnlyForDeploymentPostprocessing = 0;
			shellPath = /bin/sh;
			shellScript = "diff \"${PODS_PODFILE_DIR_PATH}/Podfile.lock\" \"${PODS_ROOT}/Manifest.lock\" > /dev/null\nif [ $? != 0 ] ; then\n    # print error to STDERR\n    echo \"error: The sandbox is not in sync with the Podfile.lock. Run 'pod install' or update your CocoaPods installation.\" >&2\n    exit 1\nfi\n# This output is used by Xcode 'outputs' to avoid re-running this script phase.\necho \"SUCCESS\" > \"${SCRIPT_OUTPUT_FILE_0}\"\n";
			showEnvVarsInLog = 0;
		};
		81648AE6C6D1232307C750DA /* [CP] Embed Pods Frameworks */ = {
			isa = PBXShellScriptBuildPhase;
			buildActionMask = 2147483647;
			files = (
			);
			inputFileListPaths = (
				"${PODS_ROOT}/Target Support Files/Pods-ColorGame/Pods-ColorGame-frameworks-${CONFIGURATION}-input-files.xcfilelist",
			);
			name = "[CP] Embed Pods Frameworks";
			outputFileListPaths = (
				"${PODS_ROOT}/Target Support Files/Pods-ColorGame/Pods-ColorGame-frameworks-${CONFIGURATION}-output-files.xcfilelist",
			);
			runOnlyForDeploymentPostprocessing = 0;
			shellPath = /bin/sh;
			shellScript = "\"${PODS_ROOT}/Target Support Files/Pods-ColorGame/Pods-ColorGame-frameworks.sh\"\n";
			showEnvVarsInLog = 0;
		};
/* End PBXShellScriptBuildPhase section */

/* Begin PBXSourcesBuildPhase section */
		9F87E83123452C660090F2AC /* Sources */ = {
			isa = PBXSourcesBuildPhase;
			buildActionMask = 2147483647;
			files = (
				9F87E83D23452C660090F2AC /* gameViewController.swift in Sources */,
				9FC867D7234AA05E0059D01E /* HighscoresViewController.swift in Sources */,
				9FC867D4234A69FB0059D01E /* MenuViewController.swift in Sources */,
				9F87E83923452C660090F2AC /* AppDelegate.swift in Sources */,
				9FC867D9234AAA7E0059D01E /* scoreCell.swift in Sources */,
				9F87E83B23452C660090F2AC /* SceneDelegate.swift in Sources */,
			);
			runOnlyForDeploymentPostprocessing = 0;
		};
/* End PBXSourcesBuildPhase section */

/* Begin PBXVariantGroup section */
		9F87E83E23452C660090F2AC /* Main.storyboard */ = {
			isa = PBXVariantGroup;
			children = (
				9F87E83F23452C660090F2AC /* Base */,
			);
			name = Main.storyboard;
			sourceTree = "<group>";
		};
		9F87E84323452C670090F2AC /* LaunchScreen.storyboard */ = {
			isa = PBXVariantGroup;
			children = (
				9F87E84423452C670090F2AC /* Base */,
			);
			name = LaunchScreen.storyboard;
			sourceTree = "<group>";
		};
/* End PBXVariantGroup section */

/* Begin XCBuildConfiguration section */
		9F87E84723452C670090F2AC /* Debug */ = {
			isa = XCBuildConfiguration;
			buildSettings = {
				ALWAYS_SEARCH_USER_PATHS = NO;
				CLANG_ANALYZER_NONNULL = YES;
				CLANG_ANALYZER_NUMBER_OBJECT_CONVERSION = YES_AGGRESSIVE;
				CLANG_CXX_LANGUAGE_STANDARD = "gnu++14";
				CLANG_CXX_LIBRARY = "libc++";
				CLANG_ENABLE_MODULES = YES;
				CLANG_ENABLE_OBJC_ARC = YES;
				CLANG_ENABLE_OBJC_WEAK = YES;
				CLANG_WARN_BLOCK_CAPTURE_AUTORELEASING = YES;
				CLANG_WARN_BOOL_CONVERSION = YES;
				CLANG_WARN_COMMA = YES;
				CLANG_WARN_CONSTANT_CONVERSION = YES;
				CLANG_WARN_DEPRECATED_OBJC_IMPLEMENTATIONS = YES;
				CLANG_WARN_DIRECT_OBJC_ISA_USAGE = YES_ERROR;
				CLANG_WARN_DOCUMENTATION_COMMENTS = YES;
				CLANG_WARN_EMPTY_BODY = YES;
				CLANG_WARN_ENUM_CONVERSION = YES;
				CLANG_WARN_INFINITE_RECURSION = YES;
				CLANG_WARN_INT_CONVERSION = YES;
				CLANG_WARN_NON_LITERAL_NULL_CONVERSION = YES;
				CLANG_WARN_OBJC_IMPLICIT_RETAIN_SELF = YES;
				CLANG_WARN_OBJC_LITERAL_CONVERSION = YES;
				CLANG_WARN_OBJC_ROOT_CLASS = YES_ERROR;
				CLANG_WARN_RANGE_LOOP_ANALYSIS = YES;
				CLANG_WARN_STRICT_PROTOTYPES = YES;
				CLANG_WARN_SUSPICIOUS_MOVE = YES;
				CLANG_WARN_UNGUARDED_AVAILABILITY = YES_AGGRESSIVE;
				CLANG_WARN_UNREACHABLE_CODE = YES;
				CLANG_WARN__DUPLICATE_METHOD_MATCH = YES;
				COPY_PHASE_STRIP = NO;
				DEBUG_INFORMATION_FORMAT = dwarf;
				ENABLE_STRICT_OBJC_MSGSEND = YES;
				ENABLE_TESTABILITY = YES;
				GCC_C_LANGUAGE_STANDARD = gnu11;
				GCC_DYNAMIC_NO_PIC = NO;
				GCC_NO_COMMON_BLOCKS = YES;
				GCC_OPTIMIZATION_LEVEL = 0;
				GCC_PREPROCESSOR_DEFINITIONS = (
					"DEBUG=1",
					"$(inherited)",
				);
				GCC_WARN_64_TO_32_BIT_CONVERSION = YES;
				GCC_WARN_ABOUT_RETURN_TYPE = YES_ERROR;
				GCC_WARN_UNDECLARED_SELECTOR = YES;
				GCC_WARN_UNINITIALIZED_AUTOS = YES_AGGRESSIVE;
				GCC_WARN_UNUSED_FUNCTION = YES;
				GCC_WARN_UNUSED_VARIABLE = YES;
				IPHONEOS_DEPLOYMENT_TARGET = 13.0;
				MTL_ENABLE_DEBUG_INFO = INCLUDE_SOURCE;
				MTL_FAST_MATH = YES;
				ONLY_ACTIVE_ARCH = YES;
				SDKROOT = iphoneos;
				SWIFT_ACTIVE_COMPILATION_CONDITIONS = DEBUG;
				SWIFT_OPTIMIZATION_LEVEL = "-Onone";
			};
			name = Debug;
		};
		9F87E84823452C670090F2AC /* Release */ = {
			isa = XCBuildConfiguration;
			buildSettings = {
				ALWAYS_SEARCH_USER_PATHS = NO;
				CLANG_ANALYZER_NONNULL = YES;
				CLANG_ANALYZER_NUMBER_OBJECT_CONVERSION = YES_AGGRESSIVE;
				CLANG_CXX_LANGUAGE_STANDARD = "gnu++14";
				CLANG_CXX_LIBRARY = "libc++";
				CLANG_ENABLE_MODULES = YES;
				CLANG_ENABLE_OBJC_ARC = YES;
				CLANG_ENABLE_OBJC_WEAK = YES;
				CLANG_WARN_BLOCK_CAPTURE_AUTORELEASING = YES;
				CLANG_WARN_BOOL_CONVERSION = YES;
				CLANG_WARN_COMMA = YES;
				CLANG_WARN_CONSTANT_CONVERSION = YES;
				CLANG_WARN_DEPRECATED_OBJC_IMPLEMENTATIONS = YES;
				CLANG_WARN_DIRECT_OBJC_ISA_USAGE = YES_ERROR;
				CLANG_WARN_DOCUMENTATION_COMMENTS = YES;
				CLANG_WARN_EMPTY_BODY = YES;
				CLANG_WARN_ENUM_CONVERSION = YES;
				CLANG_WARN_INFINITE_RECURSION = YES;
				CLANG_WARN_INT_CONVERSION = YES;
				CLANG_WARN_NON_LITERAL_NULL_CONVERSION = YES;
				CLANG_WARN_OBJC_IMPLICIT_RETAIN_SELF = YES;
				CLANG_WARN_OBJC_LITERAL_CONVERSION = YES;
				CLANG_WARN_OBJC_ROOT_CLASS = YES_ERROR;
				CLANG_WARN_RANGE_LOOP_ANALYSIS = YES;
				CLANG_WARN_STRICT_PROTOTYPES = YES;
				CLANG_WARN_SUSPICIOUS_MOVE = YES;
				CLANG_WARN_UNGUARDED_AVAILABILITY = YES_AGGRESSIVE;
				CLANG_WARN_UNREACHABLE_CODE = YES;
				CLANG_WARN__DUPLICATE_METHOD_MATCH = YES;
				COPY_PHASE_STRIP = NO;
				DEBUG_INFORMATION_FORMAT = "dwarf-with-dsym";
				ENABLE_NS_ASSERTIONS = NO;
				ENABLE_STRICT_OBJC_MSGSEND = YES;
				GCC_C_LANGUAGE_STANDARD = gnu11;
				GCC_NO_COMMON_BLOCKS = YES;
				GCC_WARN_64_TO_32_BIT_CONVERSION = YES;
				GCC_WARN_ABOUT_RETURN_TYPE = YES_ERROR;
				GCC_WARN_UNDECLARED_SELECTOR = YES;
				GCC_WARN_UNINITIALIZED_AUTOS = YES_AGGRESSIVE;
				GCC_WARN_UNUSED_FUNCTION = YES;
				GCC_WARN_UNUSED_VARIABLE = YES;
				IPHONEOS_DEPLOYMENT_TARGET = 13.0;
				MTL_ENABLE_DEBUG_INFO = NO;
				MTL_FAST_MATH = YES;
				SDKROOT = iphoneos;
				SWIFT_COMPILATION_MODE = wholemodule;
				SWIFT_OPTIMIZATION_LEVEL = "-O";
				VALIDATE_PRODUCT = YES;
			};
			name = Release;
		};
		9F87E84A23452C670090F2AC /* Debug */ = {
			isa = XCBuildConfiguration;
			baseConfigurationReference = 9D428656DC2FC7A9194D6F8A /* Pods-ColorGame.debug.xcconfig */;
			buildSettings = {
				ASSETCATALOG_COMPILER_APPICON_NAME = AppIcon;
				CODE_SIGN_STYLE = Automatic;
				DEVELOPMENT_TEAM = Z9Z6RTNWBQ;
				INFOPLIST_FILE = ColorGame/Info.plist;
				LD_RUNPATH_SEARCH_PATHS = (
					"$(inherited)",
					"@executable_path/Frameworks",
				);
				PRODUCT_BUNDLE_IDENTIFIER = Sagar.ColorGame;
				PRODUCT_NAME = "$(TARGET_NAME)";
				SWIFT_VERSION = 5.0;
				TARGETED_DEVICE_FAMILY = "1,2";
			};
			name = Debug;
		};
		9F87E84B23452C670090F2AC /* Release */ = {
			isa = XCBuildConfiguration;
			baseConfigurationReference = 2EF3F0497488515AB778B47F /* Pods-ColorGame.release.xcconfig */;
			buildSettings = {
				ASSETCATALOG_COMPILER_APPICON_NAME = AppIcon;
				CODE_SIGN_STYLE = Automatic;
				DEVELOPMENT_TEAM = Z9Z6RTNWBQ;
				INFOPLIST_FILE = ColorGame/Info.plist;
				LD_RUNPATH_SEARCH_PATHS = (
					"$(inherited)",
					"@executable_path/Frameworks",
				);
				PRODUCT_BUNDLE_IDENTIFIER = Sagar.ColorGame;
				PRODUCT_NAME = "$(TARGET_NAME)";
				SWIFT_VERSION = 5.0;
				TARGETED_DEVICE_FAMILY = "1,2";
			};
			name = Release;
		};
/* End XCBuildConfiguration section */

/* Begin XCConfigurationList section */
		9F87E83023452C660090F2AC /* Build configuration list for PBXProject "ColorGame" */ = {
			isa = XCConfigurationList;
			buildConfigurations = (
				9F87E84723452C670090F2AC /* Debug */,
				9F87E84823452C670090F2AC /* Release */,
			);
			defaultConfigurationIsVisible = 0;
			defaultConfigurationName = Release;
		};
		9F87E84923452C670090F2AC /* Build configuration list for PBXNativeTarget "ColorGame" */ = {
			isa = XCConfigurationList;
			buildConfigurations = (
				9F87E84A23452C670090F2AC /* Debug */,
				9F87E84B23452C670090F2AC /* Release */,
			);
			defaultConfigurationIsVisible = 0;
			defaultConfigurationName = Release;
		};
/* End XCConfigurationList section */
	};
	rootObject = 9F87E82D23452C660090F2AC /* Project object */;
}
